
Microsoft Visual Studio Solution File, Format Version 12.00
# Visual Studio Version 17
VisualStudioVersion = 17.0.31903.59
MinimumVisualStudioVersion = 10.0.40219.1
Project("{2150E333-8FDC-42A3-9474-1A3956D46DE8}") = "src", "src", "{827E0CD3-B72D-47B6-A68D-7590B98EB39B}"
EndProject
Project("{FAE04EC0-301F-11D3-BF4B-00C04F79EFBC}") = "Api", "src\Api\Api.csproj", "{33C11CA6-7003-49CD-A0DF-2F7A6FE1D358}"
EndProject
Project("{FAE04EC0-301F-11D3-BF4B-00C04F79EFBC}") = "Application", "src\Application\Application.csproj", "{29177319-807F-4B03-A342-ACDD7EDC17FA}"
EndProject
Project("{FAE04EC0-301F-11D3-BF4B-00C04F79EFBC}") = "Domain", "src\Domain\Domain.csproj", "{4637DAB2-852F-4103-AF4B-188EFF71FD4F}"
EndProject
Project("{FAE04EC0-301F-11D3-BF4B-00C04F79EFBC}") = "Infrastructure", "src\Infrastructure\Infrastructure.csproj", "{8B551A9B-B295-417D-A78B-4A468A41653E}"
EndProject
Project("{FAE04EC0-301F-11D3-BF4B-00C04F79EFBC}") = "Shared", "src\Shared\Shared.csproj", "{30E6EE0D-D525-4827-965A-83FE7D238B7D}"
EndProject
Project("{2150E333-8FDC-42A3-9474-1A3956D46DE8}") = "tests", "tests", "{0AB3BF05-4346-4AA6-1389-037BE0695223}"
EndProject
Project("{FAE04EC0-301F-11D3-BF4B-00C04F79EFBC}") = "UnitTests", "tests\UnitTests\UnitTests.csproj", "{7F1D799A-A0DF-45FD-BBC7-DD7DE51641DD}"
EndProject
Project("{FAE04EC0-301F-11D3-BF4B-00C04F79EFBC}") = "IntegrationTests", "tests\IntegrationTests\IntegrationTests.csproj", "{A39C60BF-9A01-43A2-8D8D-E3E738746511}"
EndProject
Global
	GlobalSection(SolutionConfigurationPlatforms) = preSolution
		Debug|Any CPU = Debug|Any CPU
		Debug|x64 = Debug|x64
		Debug|x86 = Debug|x86
		Release|Any CPU = Release|Any CPU
		Release|x64 = Release|x64
		Release|x86 = Release|x86
	EndGlobalSection
	GlobalSection(ProjectConfigurationPlatforms) = postSolution
		{33C11CA6-7003-49CD-A0DF-2F7A6FE1D358}.Debug|Any CPU.ActiveCfg = Debug|Any CPU
		{33C11CA6-7003-49CD-A0DF-2F7A6FE1D358}.Debug|Any CPU.Build.0 = Debug|Any CPU
		{33C11CA6-7003-49CD-A0DF-2F7A6FE1D358}.Debug|x64.ActiveCfg = Debug|Any CPU
		{33C11CA6-7003-49CD-A0DF-2F7A6FE1D358}.Debug|x64.Build.0 = Debug|Any CPU
		{33C11CA6-7003-49CD-A0DF-2F7A6FE1D358}.Debug|x86.ActiveCfg = Debug|Any CPU
		{33C11CA6-7003-49CD-A0DF-2F7A6FE1D358}.Debug|x86.Build.0 = Debug|Any CPU
		{33C11CA6-7003-49CD-A0DF-2F7A6FE1D358}.Release|Any CPU.ActiveCfg = Release|Any CPU
		{33C11CA6-7003-49CD-A0DF-2F7A6FE1D358}.Release|Any CPU.Build.0 = Release|Any CPU
		{33C11CA6-7003-49CD-A0DF-2F7A6FE1D358}.Release|x64.ActiveCfg = Release|Any CPU
		{33C11CA6-7003-49CD-A0DF-2F7A6FE1D358}.Release|x64.Build.0 = Release|Any CPU
		{33C11CA6-7003-49CD-A0DF-2F7A6FE1D358}.Release|x86.ActiveCfg = Release|Any CPU
		{33C11CA6-7003-49CD-A0DF-2F7A6FE1D358}.Release|x86.Build.0 = Release|Any CPU
		{29177319-807F-4B03-A342-ACDD7EDC17FA}.Debug|Any CPU.ActiveCfg = Debug|Any CPU
		{29177319-807F-4B03-A342-ACDD7EDC17FA}.Debug|Any CPU.Build.0 = Debug|Any CPU
		{29177319-807F-4B03-A342-ACDD7EDC17FA}.Debug|x64.ActiveCfg = Debug|Any CPU
		{29177319-807F-4B03-A342-ACDD7EDC17FA}.Debug|x64.Build.0 = Debug|Any CPU
		{29177319-807F-4B03-A342-ACDD7EDC17FA}.Debug|x86.ActiveCfg = Debug|Any CPU
		{29177319-807F-4B03-A342-ACDD7EDC17FA}.Debug|x86.Build.0 = Debug|Any CPU
		{29177319-807F-4B03-A342-ACDD7EDC17FA}.Release|Any CPU.ActiveCfg = Release|Any CPU
		{29177319-807F-4B03-A342-ACDD7EDC17FA}.Release|Any CPU.Build.0 = Release|Any CPU
		{29177319-807F-4B03-A342-ACDD7EDC17FA}.Release|x64.ActiveCfg = Release|Any CPU
		{29177319-807F-4B03-A342-ACDD7EDC17FA}.Release|x64.Build.0 = Release|Any CPU
		{29177319-807F-4B03-A342-ACDD7EDC17FA}.Release|x86.ActiveCfg = Release|Any CPU
		{29177319-807F-4B03-A342-ACDD7EDC17FA}.Release|x86.Build.0 = Release|Any CPU
		{4637DAB2-852F-4103-AF4B-188EFF71FD4F}.Debug|Any CPU.ActiveCfg = Debug|Any CPU
		{4637DAB2-852F-4103-AF4B-188EFF71FD4F}.Debug|Any CPU.Build.0 = Debug|Any CPU
		{4637DAB2-852F-4103-AF4B-188EFF71FD4F}.Debug|x64.ActiveCfg = Debug|Any CPU
		{4637DAB2-852F-4103-AF4B-188EFF71FD4F}.Debug|x64.Build.0 = Debug|Any CPU
		{4637DAB2-852F-4103-AF4B-188EFF71FD4F}.Debug|x86.ActiveCfg = Debug|Any CPU
		{4637DAB2-852F-4103-AF4B-188EFF71FD4F}.Debug|x86.Build.0 = Debug|Any CPU
		{4637DAB2-852F-4103-AF4B-188EFF71FD4F}.Release|Any CPU.ActiveCfg = Release|Any CPU
		{4637DAB2-852F-4103-AF4B-188EFF71FD4F}.Release|Any CPU.Build.0 = Release|Any CPU
		{4637DAB2-852F-4103-AF4B-188EFF71FD4F}.Release|x64.ActiveCfg = Release|Any CPU
		{4637DAB2-852F-4103-AF4B-188EFF71FD4F}.Release|x64.Build.0 = Release|Any CPU
		{4637DAB2-852F-4103-AF4B-188EFF71FD4F}.Release|x86.ActiveCfg = Release|Any CPU
		{4637DAB2-852F-4103-AF4B-188EFF71FD4F}.Release|x86.Build.0 = Release|Any CPU
		{8B551A9B-B295-417D-A78B-4A468A41653E}.Debug|Any CPU.ActiveCfg = Debug|Any CPU
		{8B551A9B-B295-417D-A78B-4A468A41653E}.Debug|Any CPU.Build.0 = Debug|Any CPU
		{8B551A9B-B295-417D-A78B-4A468A41653E}.Debug|x64.ActiveCfg = Debug|Any CPU
		{8B551A9B-B295-417D-A78B-4A468A41653E}.Debug|x64.Build.0 = Debug|Any CPU
		{8B551A9B-B295-417D-A78B-4A468A41653E}.Debug|x86.ActiveCfg = Debug|Any CPU
		{8B551A9B-B295-417D-A78B-4A468A41653E}.Debug|x86.Build.0 = Debug|Any CPU
		{8B551A9B-B295-417D-A78B-4A468A41653E}.Release|Any CPU.ActiveCfg = Release|Any CPU
		{8B551A9B-B295-417D-A78B-4A468A41653E}.Release|Any CPU.Build.0 = Release|Any CPU
		{8B551A9B-B295-417D-A78B-4A468A41653E}.Release|x64.ActiveCfg = Release|Any CPU
		{8B551A9B-B295-417D-A78B-4A468A41653E}.Release|x64.Build.0 = Release|Any CPU
		{8B551A9B-B295-417D-A78B-4A468A41653E}.Release|x86.ActiveCfg = Release|Any CPU
		{8B551A9B-B295-417D-A78B-4A468A41653E}.Release|x86.Build.0 = Release|Any CPU
		{30E6EE0D-D525-4827-965A-83FE7D238B7D}.Debug|Any CPU.ActiveCfg = Debug|Any CPU
		{30E6EE0D-D525-4827-965A-83FE7D238B7D}.Debug|Any CPU.Build.0 = Debug|Any CPU
		{30E6EE0D-D525-4827-965A-83FE7D238B7D}.Debug|x64.ActiveCfg = Debug|Any CPU
		{30E6EE0D-D525-4827-965A-83FE7D238B7D}.Debug|x64.Build.0 = Debug|Any CPU
		{30E6EE0D-D525-4827-965A-83FE7D238B7D}.Debug|x86.ActiveCfg = Debug|Any CPU
		{30E6EE0D-D525-4827-965A-83FE7D238B7D}.Debug|x86.Build.0 = Debug|Any CPU
		{30E6EE0D-D525-4827-965A-83FE7D238B7D}.Release|Any CPU.ActiveCfg = Release|Any CPU
		{30E6EE0D-D525-4827-965A-83FE7D238B7D}.Release|Any CPU.Build.0 = Release|Any CPU
		{30E6EE0D-D525-4827-965A-83FE7D238B7D}.Release|x64.ActiveCfg = Release|Any CPU
		{30E6EE0D-D525-4827-965A-83FE7D238B7D}.Release|x64.Build.0 = Release|Any CPU
		{30E6EE0D-D525-4827-965A-83FE7D238B7D}.Release|x86.ActiveCfg = Release|Any CPU
		{30E6EE0D-D525-4827-965A-83FE7D238B7D}.Release|x86.Build.0 = Release|Any CPU
		{7F1D799A-A0DF-45FD-BBC7-DD7DE51641DD}.Debug|Any CPU.ActiveCfg = Debug|Any CPU
		{7F1D799A-A0DF-45FD-BBC7-DD7DE51641DD}.Debug|Any CPU.Build.0 = Debug|Any CPU
		{7F1D799A-A0DF-45FD-BBC7-DD7DE51641DD}.Debug|x64.ActiveCfg = Debug|Any CPU
		{7F1D799A-A0DF-45FD-BBC7-DD7DE51641DD}.Debug|x64.Build.0 = Debug|Any CPU
		{7F1D799A-A0DF-45FD-BBC7-DD7DE51641DD}.Debug|x86.ActiveCfg = Debug|Any CPU
		{7F1D799A-A0DF-45FD-BBC7-DD7DE51641DD}.Debug|x86.Build.0 = Debug|Any CPU
		{7F1D799A-A0DF-45FD-BBC7-DD7DE51641DD}.Release|Any CPU.ActiveCfg = Release|Any CPU
		{7F1D799A-A0DF-45FD-BBC7-DD7DE51641DD}.Release|Any CPU.Build.0 = Release|Any CPU
		{7F1D799A-A0DF-45FD-BBC7-DD7DE51641DD}.Release|x64.ActiveCfg = Release|Any CPU
		{7F1D799A-A0DF-45FD-BBC7-DD7DE51641DD}.Release|x64.Build.0 = Release|Any CPU
		{7F1D799A-A0DF-45FD-BBC7-DD7DE51641DD}.Release|x86.ActiveCfg = Release|Any CPU
		{7F1D799A-A0DF-45FD-BBC7-DD7DE51641DD}.Release|x86.Build.0 = Release|Any CPU
		{A39C60BF-9A01-43A2-8D8D-E3E738746511}.Debug|Any CPU.ActiveCfg = Debug|Any CPU
		{A39C60BF-9A01-43A2-8D8D-E3E738746511}.Debug|Any CPU.Build.0 = Debug|Any CPU
		{A39C60BF-9A01-43A2-8D8D-E3E738746511}.Debug|x64.ActiveCfg = Debug|Any CPU
		{A39C60BF-9A01-43A2-8D8D-E3E738746511}.Debug|x64.Build.0 = Debug|Any CPU
		{A39C60BF-9A01-43A2-8D8D-E3E738746511}.Debug|x86.ActiveCfg = Debug|Any CPU
		{A39C60BF-9A01-43A2-8D8D-E3E738746511}.Debug|x86.Build.0 = Debug|Any CPU
		{A39C60BF-9A01-43A2-8D8D-E3E738746511}.Release|Any CPU.ActiveCfg = Release|Any CPU
		{A39C60BF-9A01-43A2-8D8D-E3E738746511}.Release|Any CPU.Build.0 = Release|Any CPU
		{A39C60BF-9A01-43A2-8D8D-E3E738746511}.Release|x64.ActiveCfg = Release|Any CPU
		{A39C60BF-9A01-43A2-8D8D-E3E738746511}.Release|x64.Build.0 = Release|Any CPU
		{A39C60BF-9A01-43A2-8D8D-E3E738746511}.Release|x86.ActiveCfg = Release|Any CPU
		{A39C60BF-9A01-43A2-8D8D-E3E738746511}.Release|x86.Build.0 = Release|Any CPU
	EndGlobalSection
	GlobalSection(SolutionProperties) = preSolution
		HideSolutionNode = FALSE
	EndGlobalSection
	GlobalSection(NestedProjects) = preSolution
		{33C11CA6-7003-49CD-A0DF-2F7A6FE1D358} = {827E0CD3-B72D-47B6-A68D-7590B98EB39B}
		{29177319-807F-4B03-A342-ACDD7EDC17FA} = {827E0CD3-B72D-47B6-A68D-7590B98EB39B}
		{4637DAB2-852F-4103-AF4B-188EFF71FD4F} = {827E0CD3-B72D-47B6-A68D-7590B98EB39B}
		{8B551A9B-B295-417D-A78B-4A468A41653E} = {827E0CD3-B72D-47B6-A68D-7590B98EB39B}
		{30E6EE0D-D525-4827-965A-83FE7D238B7D} = {827E0CD3-B72D-47B6-A68D-7590B98EB39B}
		{7F1D799A-A0DF-45FD-BBC7-DD7DE51641DD} = {0AB3BF05-4346-4AA6-1389-037BE0695223}
		{A39C60BF-9A01-43A2-8D8D-E3E738746511} = {0AB3BF05-4346-4AA6-1389-037BE0695223}
	EndGlobalSection
EndGlobal
